
Microsoft Visual Studio Solution File, Format Version 12.00
# Visual Studio 14
VisualStudioVersion = 14.0.25420.1
MinimumVisualStudioVersion = 10.0.40219.1
Project("{FAE04EC0-301F-11D3-BF4B-00C04F79EFBC}") = "CubeSolver", "CubeSolver\CubeSolver.csproj", "{4517B2F9-593C-48C3-8CBF-83ED19BC3CB9}"
EndProject
Project("{FAE04EC0-301F-11D3-BF4B-00C04F79EFBC}") = "AiSearch", "..\..\src\cot\AiSearch\AiSearch\AiSearch.csproj", "{A6250D41-D7B0-4D45-A38E-1D1AE7CF2401}"
EndProject
Global
	GlobalSection(SolutionConfigurationPlatforms) = preSolution
		Debug|Any CPU = Debug|Any CPU
		Release|Any CPU = Release|Any CPU
	EndGlobalSection
	GlobalSection(ProjectConfigurationPlatforms) = postSolution
		{4517B2F9-593C-48C3-8CBF-83ED19BC3CB9}.Debug|Any CPU.ActiveCfg = Debug|Any CPU
		{4517B2F9-593C-48C3-8CBF-83ED19BC3CB9}.Debug|Any CPU.Build.0 = Debug|Any CPU
		{4517B2F9-593C-48C3-8CBF-83ED19BC3CB9}.Release|Any CPU.ActiveCfg = Release|Any CPU
		{4517B2F9-593C-48C3-8CBF-83ED19BC3CB9}.Release|Any CPU.Build.0 = Release|Any CPU
		{A6250D41-D7B0-4D45-A38E-1D1AE7CF2401}.Debug|Any CPU.ActiveCfg = Debug|Any CPU
		{A6250D41-D7B0-4D45-A38E-1D1AE7CF2401}.Debug|Any CPU.Build.0 = Debug|Any CPU
		{A6250D41-D7B0-4D45-A38E-1D1AE7CF2401}.Release|Any CPU.ActiveCfg = Release|Any CPU
		{A6250D41-D7B0-4D45-A38E-1D1AE7CF2401}.Release|Any CPU.Build.0 = Release|Any CPU
	EndGlobalSection
	GlobalSection(SolutionProperties) = preSolution
		HideSolutionNode = FALSE
	EndGlobalSection
EndGlobal
